
Microsoft Visual Studio Solution File, Format Version 12.00
# Visual Studio Version 16
VisualStudioVersion = 16.0.30114.105
MinimumVisualStudioVersion = 10.0.40219.1
Project("{FAE04EC0-301F-11D3-BF4B-00C04F79EFBC}") = "PaintShop", "PaintShop\PaintShop.csproj", "{09FCFBB2-4B0A-477A-A93C-D401B7226281}"
EndProject
Project("{FAE04EC0-301F-11D3-BF4B-00C04F79EFBC}") = "PaintShop.Test.Test", "PaintShop.Test.Test\PaintShop.Test.Test.csproj", "{9F9EA886-2D1D-4201-AEC0-4085CD33E1BB}"
EndProject
Global
	GlobalSection(SolutionConfigurationPlatforms) = preSolution
		Debug|Any CPU = Debug|Any CPU
		Release|Any CPU = Release|Any CPU
	EndGlobalSection
	GlobalSection(SolutionProperties) = preSolution
		HideSolutionNode = FALSE
	EndGlobalSection
	GlobalSection(ProjectConfigurationPlatforms) = postSolution
		{09FCFBB2-4B0A-477A-A93C-D401B7226281}.Debug|Any CPU.ActiveCfg = Debug|Any CPU
		{09FCFBB2-4B0A-477A-A93C-D401B7226281}.Debug|Any CPU.Build.0 = Debug|Any CPU
		{09FCFBB2-4B0A-477A-A93C-D401B7226281}.Release|Any CPU.ActiveCfg = Release|Any CPU
		{09FCFBB2-4B0A-477A-A93C-D401B7226281}.Release|Any CPU.Build.0 = Release|Any CPU
		{57781488-9512-478A-939F-4965C71C4842}.Debug|Any CPU.ActiveCfg = Debug|Any CPU
		{57781488-9512-478A-939F-4965C71C4842}.Debug|Any CPU.Build.0 = Debug|Any CPU
		{57781488-9512-478A-939F-4965C71C4842}.Release|Any CPU.ActiveCfg = Release|Any CPU
		{57781488-9512-478A-939F-4965C71C4842}.Release|Any CPU.Build.0 = Release|Any CPU
		{9F9EA886-2D1D-4201-AEC0-4085CD33E1BB}.Debug|Any CPU.ActiveCfg = Debug|Any CPU
		{9F9EA886-2D1D-4201-AEC0-4085CD33E1BB}.Debug|Any CPU.Build.0 = Debug|Any CPU
		{9F9EA886-2D1D-4201-AEC0-4085CD33E1BB}.Release|Any CPU.ActiveCfg = Release|Any CPU
		{9F9EA886-2D1D-4201-AEC0-4085CD33E1BB}.Release|Any CPU.Build.0 = Release|Any CPU
	EndGlobalSection
EndGlobal
